
Microsoft Visual Studio Solution File, Format Version 12.00
# Visual Studio Version 17
VisualStudioVersion = 17.9.34728.123
MinimumVisualStudioVersion = 10.0.40219.1
Project("{FAE04EC0-301F-11D3-BF4B-00C04F79EFBC}") = "GameDataCollection", "GameDataCollection\GameDataCollection.csproj", "{5DCAB27C-1AC4-40F8-B754-C126A3096E40}"
EndProject
Global
	GlobalSection(SolutionConfigurationPlatforms) = preSolution
		Debug|Any CPU = Debug|Any CPU
		Release|Any CPU = Release|Any CPU
	EndGlobalSection
	GlobalSection(ProjectConfigurationPlatforms) = postSolution
		{5DCAB27C-1AC4-40F8-B754-C126A3096E40}.Debug|Any CPU.ActiveCfg = Debug|Any CPU
		{5DCAB27C-1AC4-40F8-B754-C126A3096E40}.Debug|Any CPU.Build.0 = Debug|Any CPU
		{5DCAB27C-1AC4-40F8-B754-C126A3096E40}.Release|Any CPU.ActiveCfg = Release|Any CPU
		{5DCAB27C-1AC4-40F8-B754-C126A3096E40}.Release|Any CPU.Build.0 = Release|Any CPU
	EndGlobalSection
	GlobalSection(SolutionProperties) = preSolution
		HideSolutionNode = FALSE
	EndGlobalSection
	GlobalSection(ExtensibilityGlobals) = postSolution
		SolutionGuid = {886FC541-332F-4ABA-AD1B-141820E5C509}
	EndGlobalSection
EndGlobal
